
Microsoft Visual Studio Solution File, Format Version 12.00
# Visual Studio Version 17
VisualStudioVersion = 17.11.35303.130
MinimumVisualStudioVersion = 10.0.40219.1
Project("{8BC9CEB8-8B4A-11D0-8D11-00A0C91BC942}") = "September16_2024-COSC1437.001", "September16_2024-COSC1437.001\September16_2024-COSC1437.001.vcxproj", "{48928D24-9A47-459E-90F9-978BABBB5633}"
EndProject
Project("{8BC9CEB8-8B4A-11D0-8D11-00A0C91BC942}") = "OneStudentSubmissionOfStructLab", "OneStudentOfStructLab\OneStudentOfStructLab.vcxproj", "{F30155C7-7115-4812-9DCF-E2F783E0ECB7}"
EndProject
Project("{8BC9CEB8-8B4A-11D0-8D11-00A0C91BC942}") = "StartingTopic2-Classes", "StartingTopic2-Classes\StartingTopic2-Classes.vcxproj", "{19048FBE-B074-4C31-9618-5241A1C96C68}"
EndProject
Project("{8BC9CEB8-8B4A-11D0-8D11-00A0C91BC942}") = "Oct2-ReadingDataFromAnInputFileIntoAClassObject", "Oct2-ReadingDataFromAnInputFileIntoAClassObject\Oct2-ReadingDataFromAnInputFileIntoAClassObject.vcxproj", "{2204AA28-F984-4A5D-BD3C-61CB794E162F}"
EndProject
Project("{8BC9CEB8-8B4A-11D0-8D11-00A0C91BC942}") = "StaticDemo-Oct7", "StaticDemo-Oct7\StaticDemo-Oct7.vcxproj", "{4BF11FA2-C34C-494A-9D96-D8C199A103AB}"
EndProject
Global
	GlobalSection(SolutionConfigurationPlatforms) = preSolution
		Debug|x64 = Debug|x64
		Debug|x86 = Debug|x86
		Release|x64 = Release|x64
		Release|x86 = Release|x86
	EndGlobalSection
	GlobalSection(ProjectConfigurationPlatforms) = postSolution
		{48928D24-9A47-459E-90F9-978BABBB5633}.Debug|x64.ActiveCfg = Debug|x64
		{48928D24-9A47-459E-90F9-978BABBB5633}.Debug|x64.Build.0 = Debug|x64
		{48928D24-9A47-459E-90F9-978BABBB5633}.Debug|x86.ActiveCfg = Debug|Win32
		{48928D24-9A47-459E-90F9-978BABBB5633}.Debug|x86.Build.0 = Debug|Win32
		{48928D24-9A47-459E-90F9-978BABBB5633}.Release|x64.ActiveCfg = Release|x64
		{48928D24-9A47-459E-90F9-978BABBB5633}.Release|x64.Build.0 = Release|x64
		{48928D24-9A47-459E-90F9-978BABBB5633}.Release|x86.ActiveCfg = Release|Win32
		{48928D24-9A47-459E-90F9-978BABBB5633}.Release|x86.Build.0 = Release|Win32
		{F30155C7-7115-4812-9DCF-E2F783E0ECB7}.Debug|x64.ActiveCfg = Debug|x64
		{F30155C7-7115-4812-9DCF-E2F783E0ECB7}.Debug|x64.Build.0 = Debug|x64
		{F30155C7-7115-4812-9DCF-E2F783E0ECB7}.Debug|x86.ActiveCfg = Debug|Win32
		{F30155C7-7115-4812-9DCF-E2F783E0ECB7}.Debug|x86.Build.0 = Debug|Win32
		{F30155C7-7115-4812-9DCF-E2F783E0ECB7}.Release|x64.ActiveCfg = Release|x64
		{F30155C7-7115-4812-9DCF-E2F783E0ECB7}.Release|x64.Build.0 = Release|x64
		{F30155C7-7115-4812-9DCF-E2F783E0ECB7}.Release|x86.ActiveCfg = Release|Win32
		{F30155C7-7115-4812-9DCF-E2F783E0ECB7}.Release|x86.Build.0 = Release|Win32
		{19048FBE-B074-4C31-9618-5241A1C96C68}.Debug|x64.ActiveCfg = Debug|x64
		{19048FBE-B074-4C31-9618-5241A1C96C68}.Debug|x64.Build.0 = Debug|x64
		{19048FBE-B074-4C31-9618-5241A1C96C68}.Debug|x86.ActiveCfg = Debug|Win32
		{19048FBE-B074-4C31-9618-5241A1C96C68}.Debug|x86.Build.0 = Debug|Win32
		{19048FBE-B074-4C31-9618-5241A1C96C68}.Release|x64.ActiveCfg = Release|x64
		{19048FBE-B074-4C31-9618-5241A1C96C68}.Release|x64.Build.0 = Release|x64
		{19048FBE-B074-4C31-9618-5241A1C96C68}.Release|x86.ActiveCfg = Release|Win32
		{19048FBE-B074-4C31-9618-5241A1C96C68}.Release|x86.Build.0 = Release|Win32
		{2204AA28-F984-4A5D-BD3C-61CB794E162F}.Debug|x64.ActiveCfg = Debug|x64
		{2204AA28-F984-4A5D-BD3C-61CB794E162F}.Debug|x64.Build.0 = Debug|x64
		{2204AA28-F984-4A5D-BD3C-61CB794E162F}.Debug|x86.ActiveCfg = Debug|Win32
		{2204AA28-F984-4A5D-BD3C-61CB794E162F}.Debug|x86.Build.0 = Debug|Win32
		{2204AA28-F984-4A5D-BD3C-61CB794E162F}.Release|x64.ActiveCfg = Release|x64
		{2204AA28-F984-4A5D-BD3C-61CB794E162F}.Release|x64.Build.0 = Release|x64
		{2204AA28-F984-4A5D-BD3C-61CB794E162F}.Release|x86.ActiveCfg = Release|Win32
		{2204AA28-F984-4A5D-BD3C-61CB794E162F}.Release|x86.Build.0 = Release|Win32
		{4BF11FA2-C34C-494A-9D96-D8C199A103AB}.Debug|x64.ActiveCfg = Debug|x64
		{4BF11FA2-C34C-494A-9D96-D8C199A103AB}.Debug|x64.Build.0 = Debug|x64
		{4BF11FA2-C34C-494A-9D96-D8C199A103AB}.Debug|x86.ActiveCfg = Debug|Win32
		{4BF11FA2-C34C-494A-9D96-D8C199A103AB}.Debug|x86.Build.0 = Debug|Win32
		{4BF11FA2-C34C-494A-9D96-D8C199A103AB}.Release|x64.ActiveCfg = Release|x64
		{4BF11FA2-C34C-494A-9D96-D8C199A103AB}.Release|x64.Build.0 = Release|x64
		{4BF11FA2-C34C-494A-9D96-D8C199A103AB}.Release|x86.ActiveCfg = Release|Win32
		{4BF11FA2-C34C-494A-9D96-D8C199A103AB}.Release|x86.Build.0 = Release|Win32
	EndGlobalSection
	GlobalSection(SolutionProperties) = preSolution
		HideSolutionNode = FALSE
	EndGlobalSection
	GlobalSection(ExtensibilityGlobals) = postSolution
		SolutionGuid = {949C672D-E568-4F72-BBAC-B747FE60FAC7}
	EndGlobalSection
EndGlobal
